
Microsoft Visual Studio Solution File, Format Version 12.00
# Visual Studio Version 16
VisualStudioVersion = 16.0.31911.196
MinimumVisualStudioVersion = 10.0.40219.1
Project("{9A19103F-16F7-4668-BE54-9A1E7A4F7556}") = "CarManagementSystem.Web", "CarManagementSystem.Web\CarManagementSystem.Web.csproj", "{6AB09A34-0800-4061-99A0-44E104C67845}"
EndProject
Project("{9A19103F-16F7-4668-BE54-9A1E7A4F7556}") = "CarManagementSystem.Data", "CarManagementSystem.Data\CarManagementSystem.Data.csproj", "{EA8FCA62-0A6C-46C2-8996-0E27DFF4FB22}"
EndProject
Project("{9A19103F-16F7-4668-BE54-9A1E7A4F7556}") = "CarManagementSystem.Service", "CarManagementSystem.Service\CarManagementSystem.Service.csproj", "{BB4A053D-5E8C-46F3-BCA1-837F1491085C}"
EndProject
Global
	GlobalSection(SolutionConfigurationPlatforms) = preSolution
		Debug|Any CPU = Debug|Any CPU
		Release|Any CPU = Release|Any CPU
	EndGlobalSection
	GlobalSection(ProjectConfigurationPlatforms) = postSolution
		{6AB09A34-0800-4061-99A0-44E104C67845}.Debug|Any CPU.ActiveCfg = Debug|Any CPU
		{6AB09A34-0800-4061-99A0-44E104C67845}.Debug|Any CPU.Build.0 = Debug|Any CPU
		{6AB09A34-0800-4061-99A0-44E104C67845}.Release|Any CPU.ActiveCfg = Release|Any CPU
		{6AB09A34-0800-4061-99A0-44E104C67845}.Release|Any CPU.Build.0 = Release|Any CPU
		{EA8FCA62-0A6C-46C2-8996-0E27DFF4FB22}.Debug|Any CPU.ActiveCfg = Debug|Any CPU
		{EA8FCA62-0A6C-46C2-8996-0E27DFF4FB22}.Debug|Any CPU.Build.0 = Debug|Any CPU
		{EA8FCA62-0A6C-46C2-8996-0E27DFF4FB22}.Release|Any CPU.ActiveCfg = Release|Any CPU
		{EA8FCA62-0A6C-46C2-8996-0E27DFF4FB22}.Release|Any CPU.Build.0 = Release|Any CPU
		{BB4A053D-5E8C-46F3-BCA1-837F1491085C}.Debug|Any CPU.ActiveCfg = Debug|Any CPU
		{BB4A053D-5E8C-46F3-BCA1-837F1491085C}.Debug|Any CPU.Build.0 = Debug|Any CPU
		{BB4A053D-5E8C-46F3-BCA1-837F1491085C}.Release|Any CPU.ActiveCfg = Release|Any CPU
		{BB4A053D-5E8C-46F3-BCA1-837F1491085C}.Release|Any CPU.Build.0 = Release|Any CPU
	EndGlobalSection
	GlobalSection(SolutionProperties) = preSolution
		HideSolutionNode = FALSE
	EndGlobalSection
	GlobalSection(ExtensibilityGlobals) = postSolution
		SolutionGuid = {D0598DA3-0A2F-42C1-A237-91BB65C78AC6}
	EndGlobalSection
EndGlobal
